
Microsoft Visual Studio Solution File, Format Version 12.00
# Visual Studio Version 17
VisualStudioVersion = 17.9.34728.123
MinimumVisualStudioVersion = 10.0.40219.1
Project("{2150E333-8FDC-42A3-9474-1A3956D46DE8}") = "Solution Items", "Solution Items", "{DA3EEAD8-13EC-4575-A786-1999AB6E06E4}"
	ProjectSection(SolutionItems) = preProject
		compose.yaml = compose.yaml
	EndProjectSection
EndProject
Project("{9A19103F-16F7-4668-BE54-9A1E7A4F7556}") = "APIGateway", "APIGateway\APIGateway.csproj", "{099E219C-4AC3-4AE9-8773-6C0E4752BF42}"
EndProject
Project("{9A19103F-16F7-4668-BE54-9A1E7A4F7556}") = "AuthApi", "AuthApi\AuthApi.csproj", "{BF096E8C-4D91-4F8F-9A1A-35D70C48F956}"
EndProject
Project("{9A19103F-16F7-4668-BE54-9A1E7A4F7556}") = "PaymentAPI", "PaymentAPI\PaymentAPI.csproj", "{57AC7EE4-6001-4996-904C-32E3F8C54CD4}"
EndProject
Project("{9A19103F-16F7-4668-BE54-9A1E7A4F7556}") = "Shared", "Shared\Shared.csproj", "{1FA5EF3B-1446-4675-9213-2029BA84676F}"
EndProject
Project("{FAE04EC0-301F-11D3-BF4B-00C04F79EFBC}") = "UtilityBillAPI", "UtilityBillAPI\UtilityBillAPI.csproj", "{A943A356-1A44-4474-8E1B-6867B5DC4720}"
EndProject
Global
	GlobalSection(SolutionConfigurationPlatforms) = preSolution
		Debug|Any CPU = Debug|Any CPU
		Release|Any CPU = Release|Any CPU
	EndGlobalSection
	GlobalSection(ProjectConfigurationPlatforms) = postSolution
		{099E219C-4AC3-4AE9-8773-6C0E4752BF42}.Debug|Any CPU.ActiveCfg = Debug|Any CPU
		{099E219C-4AC3-4AE9-8773-6C0E4752BF42}.Debug|Any CPU.Build.0 = Debug|Any CPU
		{099E219C-4AC3-4AE9-8773-6C0E4752BF42}.Release|Any CPU.ActiveCfg = Release|Any CPU
		{099E219C-4AC3-4AE9-8773-6C0E4752BF42}.Release|Any CPU.Build.0 = Release|Any CPU
		{BF096E8C-4D91-4F8F-9A1A-35D70C48F956}.Debug|Any CPU.ActiveCfg = Debug|Any CPU
		{BF096E8C-4D91-4F8F-9A1A-35D70C48F956}.Debug|Any CPU.Build.0 = Debug|Any CPU
		{BF096E8C-4D91-4F8F-9A1A-35D70C48F956}.Release|Any CPU.ActiveCfg = Release|Any CPU
		{BF096E8C-4D91-4F8F-9A1A-35D70C48F956}.Release|Any CPU.Build.0 = Release|Any CPU
		{57AC7EE4-6001-4996-904C-32E3F8C54CD4}.Debug|Any CPU.ActiveCfg = Debug|Any CPU
		{57AC7EE4-6001-4996-904C-32E3F8C54CD4}.Debug|Any CPU.Build.0 = Debug|Any CPU
		{57AC7EE4-6001-4996-904C-32E3F8C54CD4}.Release|Any CPU.ActiveCfg = Release|Any CPU
		{57AC7EE4-6001-4996-904C-32E3F8C54CD4}.Release|Any CPU.Build.0 = Release|Any CPU
		{1FA5EF3B-1446-4675-9213-2029BA84676F}.Debug|Any CPU.ActiveCfg = Debug|Any CPU
		{1FA5EF3B-1446-4675-9213-2029BA84676F}.Debug|Any CPU.Build.0 = Debug|Any CPU
		{1FA5EF3B-1446-4675-9213-2029BA84676F}.Release|Any CPU.ActiveCfg = Release|Any CPU
		{1FA5EF3B-1446-4675-9213-2029BA84676F}.Release|Any CPU.Build.0 = Release|Any CPU
		{A943A356-1A44-4474-8E1B-6867B5DC4720}.Debug|Any CPU.ActiveCfg = Debug|Any CPU
		{A943A356-1A44-4474-8E1B-6867B5DC4720}.Debug|Any CPU.Build.0 = Debug|Any CPU
		{A943A356-1A44-4474-8E1B-6867B5DC4720}.Release|Any CPU.ActiveCfg = Release|Any CPU
		{A943A356-1A44-4474-8E1B-6867B5DC4720}.Release|Any CPU.Build.0 = Release|Any CPU
	EndGlobalSection
	GlobalSection(SolutionProperties) = preSolution
		HideSolutionNode = FALSE
	EndGlobalSection
	GlobalSection(ExtensibilityGlobals) = postSolution
		SolutionGuid = {2A83EB78-7731-4736-8DBD-554BD53E3874}
	EndGlobalSection
EndGlobal
